// !$*UTF8*$!
{
	archiveVersion = 1;
	classes = {
	};
	objectVersion = 50;
	objects = {

/* Begin PBXBuildFile section */
		C019582A214F84C80076729D /* AppDelegate.m in Sources */ = {isa = PBXBuildFile; fileRef = C0195829214F84C80076729D /* AppDelegate.m */; };
		C0195832214F84C90076729D /* Assets.xcassets in Resources */ = {isa = PBXBuildFile; fileRef = C0195831214F84C90076729D /* Assets.xcassets */; };
		C0195835214F84C90076729D /* LaunchScreen.storyboard in Resources */ = {isa = PBXBuildFile; fileRef = C0195833214F84C90076729D /* LaunchScreen.storyboard */; };
		C0195838214F84C90076729D /* main.m in Sources */ = {isa = PBXBuildFile; fileRef = C0195837214F84C90076729D /* main.m */; };
		C0195856214F8C4F0076729D /* UIView+Extension.m in Sources */ = {isa = PBXBuildFile; fileRef = C0195844214F8C4F0076729D /* UIView+Extension.m */; };
		C0195857214F8C4F0076729D /* CXBaseUsingViewController.m in Sources */ = {isa = PBXBuildFile; fileRef = C0195846214F8C4F0076729D /* CXBaseUsingViewController.m */; };
		C0195858214F8C4F0076729D /* CXBaseNavigationController.m in Sources */ = {isa = PBXBuildFile; fileRef = C0195847214F8C4F0076729D /* CXBaseNavigationController.m */; };
		C019585B214F8C4F0076729D /* CXCustomUsingViewController.m in Sources */ = {isa = PBXBuildFile; fileRef = C0195851214F8C4F0076729D /* CXCustomUsingViewController.m */; };
		C019585C214F8C4F0076729D /* CXTabBarController.m in Sources */ = {isa = PBXBuildFile; fileRef = C0195852214F8C4F0076729D /* CXTabBarController.m */; };
		C019585D214F8C4F0076729D /* CXAnimatedTransitionsViewController.m in Sources */ = {isa = PBXBuildFile; fileRef = C0195854214F8C4F0076729D /* CXAnimatedTransitionsViewController.m */; };
		C09CC79F2150FFA0000BFC5F /* CXAnimatedTransitionsNavigationController.m in Sources */ = {isa = PBXBuildFile; fileRef = C09CC79E2150FFA0000BFC5F /* CXAnimatedTransitionsNavigationController.m */; };
		C0A3BF2C2154C5BE00C4C6AF /* CXNavigationGradientViewController.m in Sources */ = {isa = PBXBuildFile; fileRef = C0A3BF2B2154C5BE00C4C6AF /* CXNavigationGradientViewController.m */; };
		C0A3BF2F2154CA8F00C4C6AF /* CXGradientOneViewController.m in Sources */ = {isa = PBXBuildFile; fileRef = C0A3BF2E2154CA8F00C4C6AF /* CXGradientOneViewController.m */; };
		C0A3BF322154CA9E00C4C6AF /* CXGradientTwoViewController.m in Sources */ = {isa = PBXBuildFile; fileRef = C0A3BF312154CA9E00C4C6AF /* CXGradientTwoViewController.m */; };
		C0A3BF362154CB8400C4C6AF /* CXGradientThreeViewController.m in Sources */ = {isa = PBXBuildFile; fileRef = C0A3BF352154CB8400C4C6AF /* CXGradientThreeViewController.m */; };
		C0A3BF392154CE6D00C4C6AF /* CXGradientThreeNavigationView.m in Sources */ = {isa = PBXBuildFile; fileRef = C0A3BF382154CE6D00C4C6AF /* CXGradientThreeNavigationView.m */; };
		C0A3BF3D2154D39E00C4C6AF /* CXNavigationImageMoveViewController.m in Sources */ = {isa = PBXBuildFile; fileRef = C0A3BF3C2154D39E00C4C6AF /* CXNavigationImageMoveViewController.m */; };
		C0A3BF412154E6F200C4C6AF /* CXTestViewController.m in Sources */ = {isa = PBXBuildFile; fileRef = C0A3BF402154E6F200C4C6AF /* CXTestViewController.m */; };
		C0A3BF442155087700C4C6AF /* CXImageMoveOneViewController.m in Sources */ = {isa = PBXBuildFile; fileRef = C0A3BF432155087700C4C6AF /* CXImageMoveOneViewController.m */; };
		C0A3BF472155088300C4C6AF /* CXImageMoveTwoViewController.m in Sources */ = {isa = PBXBuildFile; fileRef = C0A3BF462155088300C4C6AF /* CXImageMoveTwoViewController.m */; };
		C0DB407021534AF7006B49C3 /* CXAnimatedTransitioning.m in Sources */ = {isa = PBXBuildFile; fileRef = C0DB406F21534AF7006B49C3 /* CXAnimatedTransitioning.m */; };
/* End PBXBuildFile section */

/* Begin PBXFileReference section */
		C0195825214F84C80076729D /* CXNavigation.app */ = {isa = PBXFileReference; explicitFileType = wrapper.application; includeInIndex = 0; path = CXNavigation.app; sourceTree = BUILT_PRODUCTS_DIR; };
		C0195828214F84C80076729D /* AppDelegate.h */ = {isa = PBXFileReference; lastKnownFileType = sourcecode.c.h; path = AppDelegate.h; sourceTree = "<group>"; };
		C0195829214F84C80076729D /* AppDelegate.m */ = {isa = PBXFileReference; lastKnownFileType = sourcecode.c.objc; path = AppDelegate.m; sourceTree = "<group>"; };
		C0195831214F84C90076729D /* Assets.xcassets */ = {isa = PBXFileReference; lastKnownFileType = folder.assetcatalog; path = Assets.xcassets; sourceTree = "<group>"; };
		C0195834214F84C90076729D /* Base */ = {isa = PBXFileReference; lastKnownFileType = file.storyboard; name = Base; path = Base.lproj/LaunchScreen.storyboard; sourceTree = "<group>"; };
		C0195836214F84C90076729D /* Info.plist */ = {isa = PBXFileReference; lastKnownFileType = text.plist.xml; path = Info.plist; sourceTree = "<group>"; };
		C0195837214F84C90076729D /* main.m */ = {isa = PBXFileReference; lastKnownFileType = sourcecode.c.objc; path = main.m; sourceTree = "<group>"; };
		C0195843214F8C4F0076729D /* UIView+Extension.h */ = {isa = PBXFileReference; fileEncoding = 4; lastKnownFileType = sourcecode.c.h; path = "UIView+Extension.h"; sourceTree = "<group>"; };
		C0195844214F8C4F0076729D /* UIView+Extension.m */ = {isa = PBXFileReference; fileEncoding = 4; lastKnownFileType = sourcecode.c.objc; path = "UIView+Extension.m"; sourceTree = "<group>"; };
		C0195846214F8C4F0076729D /* CXBaseUsingViewController.m */ = {isa = PBXFileReference; fileEncoding = 4; lastKnownFileType = sourcecode.c.objc; path = CXBaseUsingViewController.m; sourceTree = "<group>"; };
		C0195847214F8C4F0076729D /* CXBaseNavigationController.m */ = {isa = PBXFileReference; fileEncoding = 4; lastKnownFileType = sourcecode.c.objc; path = CXBaseNavigationController.m; sourceTree = "<group>"; };
		C0195848214F8C4F0076729D /* CXBaseUsingViewController.h */ = {isa = PBXFileReference; fileEncoding = 4; lastKnownFileType = sourcecode.c.h; path = CXBaseUsingViewController.h; sourceTree = "<group>"; };
		C0195849214F8C4F0076729D /* CXBaseNavigationController.h */ = {isa = PBXFileReference; fileEncoding = 4; lastKnownFileType = sourcecode.c.h; path = CXBaseNavigationController.h; sourceTree = "<group>"; };
		C019584A214F8C4F0076729D /* CXTabBarController.h */ = {isa = PBXFileReference; fileEncoding = 4; lastKnownFileType = sourcecode.c.h; path = CXTabBarController.h; sourceTree = "<group>"; };
		C019584E214F8C4F0076729D /* CXCustomUsingViewController.h */ = {isa = PBXFileReference; fileEncoding = 4; lastKnownFileType = sourcecode.c.h; path = CXCustomUsingViewController.h; sourceTree = "<group>"; };
		C0195851214F8C4F0076729D /* CXCustomUsingViewController.m */ = {isa = PBXFileReference; fileEncoding = 4; lastKnownFileType = sourcecode.c.objc; path = CXCustomUsingViewController.m; sourceTree = "<group>"; };
		C0195852214F8C4F0076729D /* CXTabBarController.m */ = {isa = PBXFileReference; fileEncoding = 4; lastKnownFileType = sourcecode.c.objc; path = CXTabBarController.m; sourceTree = "<group>"; };
		C0195854214F8C4F0076729D /* CXAnimatedTransitionsViewController.m */ = {isa = PBXFileReference; fileEncoding = 4; lastKnownFileType = sourcecode.c.objc; path = CXAnimatedTransitionsViewController.m; sourceTree = "<group>"; };
		C0195855214F8C4F0076729D /* CXAnimatedTransitionsViewController.h */ = {isa = PBXFileReference; fileEncoding = 4; lastKnownFileType = sourcecode.c.h; path = CXAnimatedTransitionsViewController.h; sourceTree = "<group>"; };
		C09CC79D2150FFA0000BFC5F /* CXAnimatedTransitionsNavigationController.h */ = {isa = PBXFileReference; lastKnownFileType = sourcecode.c.h; path = CXAnimatedTransitionsNavigationController.h; sourceTree = "<group>"; };
		C09CC79E2150FFA0000BFC5F /* CXAnimatedTransitionsNavigationController.m */ = {isa = PBXFileReference; lastKnownFileType = sourcecode.c.objc; path = CXAnimatedTransitionsNavigationController.m; sourceTree = "<group>"; };
		C0A3BF2A2154C5BE00C4C6AF /* CXNavigationGradientViewController.h */ = {isa = PBXFileReference; lastKnownFileType = sourcecode.c.h; path = CXNavigationGradientViewController.h; sourceTree = "<group>"; };
		C0A3BF2B2154C5BE00C4C6AF /* CXNavigationGradientViewController.m */ = {isa = PBXFileReference; lastKnownFileType = sourcecode.c.objc; path = CXNavigationGradientViewController.m; sourceTree = "<group>"; };
		C0A3BF2D2154CA8F00C4C6AF /* CXGradientOneViewController.h */ = {isa = PBXFileReference; lastKnownFileType = sourcecode.c.h; path = CXGradientOneViewController.h; sourceTree = "<group>"; };
		C0A3BF2E2154CA8F00C4C6AF /* CXGradientOneViewController.m */ = {isa = PBXFileReference; lastKnownFileType = sourcecode.c.objc; path = CXGradientOneViewController.m; sourceTree = "<group>"; };
		C0A3BF302154CA9E00C4C6AF /* CXGradientTwoViewController.h */ = {isa = PBXFileReference; lastKnownFileType = sourcecode.c.h; path = CXGradientTwoViewController.h; sourceTree = "<group>"; };
		C0A3BF312154CA9E00C4C6AF /* CXGradientTwoViewController.m */ = {isa = PBXFileReference; lastKnownFileType = sourcecode.c.objc; path = CXGradientTwoViewController.m; sourceTree = "<group>"; };
		C0A3BF342154CB8400C4C6AF /* CXGradientThreeViewController.h */ = {isa = PBXFileReference; lastKnownFileType = sourcecode.c.h; path = CXGradientThreeViewController.h; sourceTree = "<group>"; };
		C0A3BF352154CB8400C4C6AF /* CXGradientThreeViewController.m */ = {isa = PBXFileReference; lastKnownFileType = sourcecode.c.objc; path = CXGradientThreeViewController.m; sourceTree = "<group>"; };
		C0A3BF372154CE6D00C4C6AF /* CXGradientThreeNavigationView.h */ = {isa = PBXFileReference; lastKnownFileType = sourcecode.c.h; path = CXGradientThreeNavigationView.h; sourceTree = "<group>"; };
		C0A3BF382154CE6D00C4C6AF /* CXGradientThreeNavigationView.m */ = {isa = PBXFileReference; lastKnownFileType = sourcecode.c.objc; path = CXGradientThreeNavigationView.m; sourceTree = "<group>"; };
		C0A3BF3B2154D39E00C4C6AF /* CXNavigationImageMoveViewController.h */ = {isa = PBXFileReference; lastKnownFileType = sourcecode.c.h; path = CXNavigationImageMoveViewController.h; sourceTree = "<group>"; };
		C0A3BF3C2154D39E00C4C6AF /* CXNavigationImageMoveViewController.m */ = {isa = PBXFileReference; lastKnownFileType = sourcecode.c.objc; path = CXNavigationImageMoveViewController.m; sourceTree = "<group>"; };
		C0A3BF3F2154E6F200C4C6AF /* CXTestViewController.h */ = {isa = PBXFileReference; lastKnownFileType = sourcecode.c.h; path = CXTestViewController.h; sourceTree = "<group>"; };
		C0A3BF402154E6F200C4C6AF /* CXTestViewController.m */ = {isa = PBXFileReference; lastKnownFileType = sourcecode.c.objc; path = CXTestViewController.m; sourceTree = "<group>"; };
		C0A3BF422155087700C4C6AF /* CXImageMoveOneViewController.h */ = {isa = PBXFileReference; lastKnownFileType = sourcecode.c.h; path = CXImageMoveOneViewController.h; sourceTree = "<group>"; };
		C0A3BF432155087700C4C6AF /* CXImageMoveOneViewController.m */ = {isa = PBXFileReference; lastKnownFileType = sourcecode.c.objc; path = CXImageMoveOneViewController.m; sourceTree = "<group>"; };
		C0A3BF452155088300C4C6AF /* CXImageMoveTwoViewController.h */ = {isa = PBXFileReference; lastKnownFileType = sourcecode.c.h; path = CXImageMoveTwoViewController.h; sourceTree = "<group>"; };
		C0A3BF462155088300C4C6AF /* CXImageMoveTwoViewController.m */ = {isa = PBXFileReference; lastKnownFileType = sourcecode.c.objc; path = CXImageMoveTwoViewController.m; sourceTree = "<group>"; };
		C0DB406E21534AF7006B49C3 /* CXAnimatedTransitioning.h */ = {isa = PBXFileReference; lastKnownFileType = sourcecode.c.h; path = CXAnimatedTransitioning.h; sourceTree = "<group>"; };
		C0DB406F21534AF7006B49C3 /* CXAnimatedTransitioning.m */ = {isa = PBXFileReference; lastKnownFileType = sourcecode.c.objc; path = CXAnimatedTransitioning.m; sourceTree = "<group>"; };
/* End PBXFileReference section */

/* Begin PBXFrameworksBuildPhase section */
		C0195822214F84C80076729D /* Frameworks */ = {
			isa = PBXFrameworksBuildPhase;
			buildActionMask = 2147483647;
			files = (
			);
			runOnlyForDeploymentPostprocessing = 0;
		};
/* End PBXFrameworksBuildPhase section */

/* Begin PBXGroup section */
		C019581C214F84C80076729D = {
			isa = PBXGroup;
			children = (
				C0195827214F84C80076729D /* CXNavigation */,
				C0195826214F84C80076729D /* Products */,
			);
			sourceTree = "<group>";
		};
		C0195826214F84C80076729D /* Products */ = {
			isa = PBXGroup;
			children = (
				C0195825214F84C80076729D /* CXNavigation.app */,
			);
			name = Products;
			sourceTree = "<group>";
		};
		C0195827214F84C80076729D /* CXNavigation */ = {
			isa = PBXGroup;
			children = (
				C0195828214F84C80076729D /* AppDelegate.h */,
				C0195829214F84C80076729D /* AppDelegate.m */,
				C019584A214F8C4F0076729D /* CXTabBarController.h */,
				C0195852214F8C4F0076729D /* CXTabBarController.m */,
				C0195842214F8C4F0076729D /* Tool */,
				C0195845214F8C4F0076729D /* Base(系统基本用法) */,
				C019584B214F8C4F0076729D /* Custom(自定义) */,
				C0195853214F8C4F0076729D /* Transition(转场) */,
				C0195831214F84C90076729D /* Assets.xcassets */,
				C0195833214F84C90076729D /* LaunchScreen.storyboard */,
				C0195836214F84C90076729D /* Info.plist */,
				C0195837214F84C90076729D /* main.m */,
			);
			path = CXNavigation;
			sourceTree = "<group>";
		};
		C0195842214F8C4F0076729D /* Tool */ = {
			isa = PBXGroup;
			children = (
				C0195843214F8C4F0076729D /* UIView+Extension.h */,
				C0195844214F8C4F0076729D /* UIView+Extension.m */,
			);
			path = Tool;
			sourceTree = "<group>";
		};
		C0195845214F8C4F0076729D /* Base(系统基本用法) */ = {
			isa = PBXGroup;
			children = (
				C0195849214F8C4F0076729D /* CXBaseNavigationController.h */,
				C0195847214F8C4F0076729D /* CXBaseNavigationController.m */,
				C0195848214F8C4F0076729D /* CXBaseUsingViewController.h */,
				C0195846214F8C4F0076729D /* CXBaseUsingViewController.m */,
			);
			path = "Base(系统基本用法)";
			sourceTree = "<group>";
		};
		C019584B214F8C4F0076729D /* Custom(自定义) */ = {
			isa = PBXGroup;
			children = (
				C019584E214F8C4F0076729D /* CXCustomUsingViewController.h */,
				C0195851214F8C4F0076729D /* CXCustomUsingViewController.m */,
				C0A3BF332154CB1E00C4C6AF /* Gradient(渐变) */,
				C0A3BF3E2154D42500C4C6AF /* MoveImage(图片移动) */,
			);
			path = "Custom(自定义)";
			sourceTree = "<group>";
		};
		C0195853214F8C4F0076729D /* Transition(转场) */ = {
			isa = PBXGroup;
			children = (
				C0DB407121534AFC006B49C3 /* 动画类 */,
				C09CC79D2150FFA0000BFC5F /* CXAnimatedTransitionsNavigationController.h */,
				C09CC79E2150FFA0000BFC5F /* CXAnimatedTransitionsNavigationController.m */,
				C0195855214F8C4F0076729D /* CXAnimatedTransitionsViewController.h */,
				C0195854214F8C4F0076729D /* CXAnimatedTransitionsViewController.m */,
				C0A3BF3F2154E6F200C4C6AF /* CXTestViewController.h */,
				C0A3BF402154E6F200C4C6AF /* CXTestViewController.m */,
			);
			path = "Transition(转场)";
			sourceTree = "<group>";
		};
		C0A3BF332154CB1E00C4C6AF /* Gradient(渐变) */ = {
			isa = PBXGroup;
			children = (
				C0A3BF2A2154C5BE00C4C6AF /* CXNavigationGradientViewController.h */,
				C0A3BF2B2154C5BE00C4C6AF /* CXNavigationGradientViewController.m */,
				C0A3BF2D2154CA8F00C4C6AF /* CXGradientOneViewController.h */,
				C0A3BF2E2154CA8F00C4C6AF /* CXGradientOneViewController.m */,
				C0A3BF302154CA9E00C4C6AF /* CXGradientTwoViewController.h */,
				C0A3BF312154CA9E00C4C6AF /* CXGradientTwoViewController.m */,
				C0A3BF342154CB8400C4C6AF /* CXGradientThreeViewController.h */,
				C0A3BF352154CB8400C4C6AF /* CXGradientThreeViewController.m */,
				C0A3BF372154CE6D00C4C6AF /* CXGradientThreeNavigationView.h */,
				C0A3BF382154CE6D00C4C6AF /* CXGradientThreeNavigationView.m */,
			);
			path = "Gradient(渐变)";
			sourceTree = "<group>";
		};
		C0A3BF3E2154D42500C4C6AF /* MoveImage(图片移动) */ = {
			isa = PBXGroup;
			children = (
				C0A3BF3B2154D39E00C4C6AF /* CXNavigationImageMoveViewController.h */,
				C0A3BF3C2154D39E00C4C6AF /* CXNavigationImageMoveViewController.m */,
				C0A3BF422155087700C4C6AF /* CXImageMoveOneViewController.h */,
				C0A3BF432155087700C4C6AF /* CXImageMoveOneViewController.m */,
				C0A3BF452155088300C4C6AF /* CXImageMoveTwoViewController.h */,
				C0A3BF462155088300C4C6AF /* CXImageMoveTwoViewController.m */,
			);
			path = "MoveImage(图片移动)";
			sourceTree = "<group>";
		};
		C0DB407121534AFC006B49C3 /* 动画类 */ = {
			isa = PBXGroup;
			children = (
				C0DB406E21534AF7006B49C3 /* CXAnimatedTransitioning.h */,
				C0DB406F21534AF7006B49C3 /* CXAnimatedTransitioning.m */,
			);
			path = "动画类";
			sourceTree = "<group>";
		};
/* End PBXGroup section */

/* Begin PBXNativeTarget section */
		C0195824214F84C80076729D /* CXNavigation */ = {
			isa = PBXNativeTarget;
			buildConfigurationList = C019583B214F84C90076729D /* Build configuration list for PBXNativeTarget "CXNavigation" */;
			buildPhases = (
				C0195821214F84C80076729D /* Sources */,
				C0195822214F84C80076729D /* Frameworks */,
				C0195823214F84C80076729D /* Resources */,
			);
			buildRules = (
			);
			dependencies = (
			);
			name = CXNavigation;
			productName = CXNavigation;
			productReference = C0195825214F84C80076729D /* CXNavigation.app */;
			productType = "com.apple.product-type.application";
		};
/* End PBXNativeTarget section */

/* Begin PBXProject section */
		C019581D214F84C80076729D /* Project object */ = {
			isa = PBXProject;
			attributes = {
				LastUpgradeCheck = 0940;
				ORGANIZATIONNAME = "陈晓辉";
				TargetAttributes = {
					C0195824214F84C80076729D = {
						CreatedOnToolsVersion = 9.4.1;
					};
				};
			};
			buildConfigurationList = C0195820214F84C80076729D /* Build configuration list for PBXProject "CXNavigation" */;
			compatibilityVersion = "Xcode 9.3";
			developmentRegion = en;
			hasScannedForEncodings = 0;
			knownRegions = (
				en,
				Base,
			);
			mainGroup = C019581C214F84C80076729D;
			productRefGroup = C0195826214F84C80076729D /* Products */;
			projectDirPath = "";
			projectRoot = "";
			targets = (
				C0195824214F84C80076729D /* CXNavigation */,
			);
		};
/* End PBXProject section */

/* Begin PBXResourcesBuildPhase section */
		C0195823214F84C80076729D /* Resources */ = {
			isa = PBXResourcesBuildPhase;
			buildActionMask = 2147483647;
			files = (
				C0195835214F84C90076729D /* LaunchScreen.storyboard in Resources */,
				C0195832214F84C90076729D /* Assets.xcassets in Resources */,
			);
			runOnlyForDeploymentPostprocessing = 0;
		};
/* End PBXResourcesBuildPhase section */

/* Begin PBXSourcesBuildPhase section */
		C0195821214F84C80076729D /* Sources */ = {
			isa = PBXSourcesBuildPhase;
			buildActionMask = 2147483647;
			files = (
				C019585B214F8C4F0076729D /* CXCustomUsingViewController.m in Sources */,
				C019585D214F8C4F0076729D /* CXAnimatedTransitionsViewController.m in Sources */,
				C0195838214F84C90076729D /* main.m in Sources */,
				C0195856214F8C4F0076729D /* UIView+Extension.m in Sources */,
				C0A3BF412154E6F200C4C6AF /* CXTestViewController.m in Sources */,
				C0195858214F8C4F0076729D /* CXBaseNavigationController.m in Sources */,
				C0A3BF392154CE6D00C4C6AF /* CXGradientThreeNavigationView.m in Sources */,
				C0A3BF3D2154D39E00C4C6AF /* CXNavigationImageMoveViewController.m in Sources */,
				C09CC79F2150FFA0000BFC5F /* CXAnimatedTransitionsNavigationController.m in Sources */,
				C0195857214F8C4F0076729D /* CXBaseUsingViewController.m in Sources */,
				C019585C214F8C4F0076729D /* CXTabBarController.m in Sources */,
				C0A3BF362154CB8400C4C6AF /* CXGradientThreeViewController.m in Sources */,
				C0A3BF322154CA9E00C4C6AF /* CXGradientTwoViewController.m in Sources */,
				C0A3BF2F2154CA8F00C4C6AF /* CXGradientOneViewController.m in Sources */,
				C0A3BF472155088300C4C6AF /* CXImageMoveTwoViewController.m in Sources */,
				C019582A214F84C80076729D /* AppDelegate.m in Sources */,
				C0A3BF442155087700C4C6AF /* CXImageMoveOneViewController.m in Sources */,
				C0A3BF2C2154C5BE00C4C6AF /* CXNavigationGradientViewController.m in Sources */,
				C0DB407021534AF7006B49C3 /* CXAnimatedTransitioning.m in Sources */,
			);
			runOnlyForDeploymentPostprocessing = 0;
		};
/* End PBXSourcesBuildPhase section */

/* Begin PBXVariantGroup section */
		C0195833214F84C90076729D /* LaunchScreen.storyboard */ = {
			isa = PBXVariantGroup;
			children = (
				C0195834214F84C90076729D /* Base */,
			);
			name = LaunchScreen.storyboard;
			sourceTree = "<group>";
		};
/* End PBXVariantGroup section */

/* Begin XCBuildConfiguration section */
		C0195839214F84C90076729D /* Debug */ = {
			isa = XCBuildConfiguration;
			buildSettings = {
				ALWAYS_SEARCH_USER_PATHS = NO;
				CLANG_ANALYZER_NONNULL = YES;
				CLANG_ANALYZER_NUMBER_OBJECT_CONVERSION = YES_AGGRESSIVE;
				CLANG_CXX_LANGUAGE_STANDARD = "gnu++14";
				CLANG_CXX_LIBRARY = "libc++";
				CLANG_ENABLE_MODULES = YES;
				CLANG_ENABLE_OBJC_ARC = YES;
				CLANG_ENABLE_OBJC_WEAK = YES;
				CLANG_WARN_BLOCK_CAPTURE_AUTORELEASING = YES;
				CLANG_WARN_BOOL_CONVERSION = YES;
				CLANG_WARN_COMMA = YES;
				CLANG_WARN_CONSTANT_CONVERSION = YES;
				CLANG_WARN_DEPRECATED_OBJC_IMPLEMENTATIONS = YES;
				CLANG_WARN_DIRECT_OBJC_ISA_USAGE = YES_ERROR;
				CLANG_WARN_DOCUMENTATION_COMMENTS = YES;
				CLANG_WARN_EMPTY_BODY = YES;
				CLANG_WARN_ENUM_CONVERSION = YES;
				CLANG_WARN_INFINITE_RECURSION = YES;
				CLANG_WARN_INT_CONVERSION = YES;
				CLANG_WARN_NON_LITERAL_NULL_CONVERSION = YES;
				CLANG_WARN_OBJC_IMPLICIT_RETAIN_SELF = YES;
				CLANG_WARN_OBJC_LITERAL_CONVERSION = YES;
				CLANG_WARN_OBJC_ROOT_CLASS = YES_ERROR;
				CLANG_WARN_RANGE_LOOP_ANALYSIS = YES;
				CLANG_WARN_STRICT_PROTOTYPES = YES;
				CLANG_WARN_SUSPICIOUS_MOVE = YES;
				CLANG_WARN_UNGUARDED_AVAILABILITY = YES_AGGRESSIVE;
				CLANG_WARN_UNREACHABLE_CODE = YES;
				CLANG_WARN__DUPLICATE_METHOD_MATCH = YES;
				CODE_SIGN_IDENTITY = "iPhone Developer";
				COPY_PHASE_STRIP = NO;
				DEBUG_INFORMATION_FORMAT = dwarf;
				ENABLE_STRICT_OBJC_MSGSEND = YES;
				ENABLE_TESTABILITY = YES;
				GCC_C_LANGUAGE_STANDARD = gnu11;
				GCC_DYNAMIC_NO_PIC = NO;
				GCC_NO_COMMON_BLOCKS = YES;
				GCC_OPTIMIZATION_LEVEL = 0;
				GCC_PREPROCESSOR_DEFINITIONS = (
					"DEBUG=1",
					"$(inherited)",
				);
				GCC_WARN_64_TO_32_BIT_CONVERSION = YES;
				GCC_WARN_ABOUT_RETURN_TYPE = YES_ERROR;
				GCC_WARN_UNDECLARED_SELECTOR = YES;
				GCC_WARN_UNINITIALIZED_AUTOS = YES_AGGRESSIVE;
				GCC_WARN_UNUSED_FUNCTION = YES;
				GCC_WARN_UNUSED_VARIABLE = YES;
				IPHONEOS_DEPLOYMENT_TARGET = 11.4;
				MTL_ENABLE_DEBUG_INFO = YES;
				ONLY_ACTIVE_ARCH = YES;
				SDKROOT = iphoneos;
			};
			name = Debug;
		};
		C019583A214F84C90076729D /* Release */ = {
			isa = XCBuildConfiguration;
			buildSettings = {
				ALWAYS_SEARCH_USER_PATHS = NO;
				CLANG_ANALYZER_NONNULL = YES;
				CLANG_ANALYZER_NUMBER_OBJECT_CONVERSION = YES_AGGRESSIVE;
				CLANG_CXX_LANGUAGE_STANDARD = "gnu++14";
				CLANG_CXX_LIBRARY = "libc++";
				CLANG_ENABLE_MODULES = YES;
				CLANG_ENABLE_OBJC_ARC = YES;
				CLANG_ENABLE_OBJC_WEAK = YES;
				CLANG_WARN_BLOCK_CAPTURE_AUTORELEASING = YES;
				CLANG_WARN_BOOL_CONVERSION = YES;
				CLANG_WARN_COMMA = YES;
				CLANG_WARN_CONSTANT_CONVERSION = YES;
				CLANG_WARN_DEPRECATED_OBJC_IMPLEMENTATIONS = YES;
				CLANG_WARN_DIRECT_OBJC_ISA_USAGE = YES_ERROR;
				CLANG_WARN_DOCUMENTATION_COMMENTS = YES;
				CLANG_WARN_EMPTY_BODY = YES;
				CLANG_WARN_ENUM_CONVERSION = YES;
				CLANG_WARN_INFINITE_RECURSION = YES;
				CLANG_WARN_INT_CONVERSION = YES;
				CLANG_WARN_NON_LITERAL_NULL_CONVERSION = YES;
				CLANG_WARN_OBJC_IMPLICIT_RETAIN_SELF = YES;
				CLANG_WARN_OBJC_LITERAL_CONVERSION = YES;
				CLANG_WARN_OBJC_ROOT_CLASS = YES_ERROR;
				CLANG_WARN_RANGE_LOOP_ANALYSIS = YES;
				CLANG_WARN_STRICT_PROTOTYPES = YES;
				CLANG_WARN_SUSPICIOUS_MOVE = YES;
				CLANG_WARN_UNGUARDED_AVAILABILITY = YES_AGGRESSIVE;
				CLANG_WARN_UNREACHABLE_CODE = YES;
				CLANG_WARN__DUPLICATE_METHOD_MATCH = YES;
				CODE_SIGN_IDENTITY = "iPhone Developer";
				COPY_PHASE_STRIP = NO;
				DEBUG_INFORMATION_FORMAT = "dwarf-with-dsym";
				ENABLE_NS_ASSERTIONS = NO;
				ENABLE_STRICT_OBJC_MSGSEND = YES;
				GCC_C_LANGUAGE_STANDARD = gnu11;
				GCC_NO_COMMON_BLOCKS = YES;
				GCC_WARN_64_TO_32_BIT_CONVERSION = YES;
				GCC_WARN_ABOUT_RETURN_TYPE = YES_ERROR;
				GCC_WARN_UNDECLARED_SELECTOR = YES;
				GCC_WARN_UNINITIALIZED_AUTOS = YES_AGGRESSIVE;
				GCC_WARN_UNUSED_FUNCTION = YES;
				GCC_WARN_UNUSED_VARIABLE = YES;
				IPHONEOS_DEPLOYMENT_TARGET = 11.4;
				MTL_ENABLE_DEBUG_INFO = NO;
				SDKROOT = iphoneos;
				VALIDATE_PRODUCT = YES;
			};
			name = Release;
		};
		C019583C214F84C90076729D /* Debug */ = {
			isa = XCBuildConfiguration;
			buildSettings = {
				ASSETCATALOG_COMPILER_APPICON_NAME = AppIcon;
				CODE_SIGN_STYLE = Automatic;
				DEVELOPMENT_TEAM = "";
				INFOPLIST_FILE = CXNavigation/Info.plist;
				LD_RUNPATH_SEARCH_PATHS = (
					"$(inherited)",
					"@executable_path/Frameworks",
				);
				PRODUCT_BUNDLE_IDENTIFIER = chenXiaoHui.CXNavigation;
				PRODUCT_NAME = "$(TARGET_NAME)";
				TARGETED_DEVICE_FAMILY = "1,2";
			};
			name = Debug;
		};
		C019583D214F84C90076729D /* Release */ = {
			isa = XCBuildConfiguration;
			buildSettings = {
				ASSETCATALOG_COMPILER_APPICON_NAME = AppIcon;
				CODE_SIGN_STYLE = Automatic;
				DEVELOPMENT_TEAM = "";
				INFOPLIST_FILE = CXNavigation/Info.plist;
				LD_RUNPATH_SEARCH_PATHS = (
					"$(inherited)",
					"@executable_path/Frameworks",
				);
				PRODUCT_BUNDLE_IDENTIFIER = chenXiaoHui.CXNavigation;
				PRODUCT_NAME = "$(TARGET_NAME)";
				TARGETED_DEVICE_FAMILY = "1,2";
			};
			name = Release;
		};
/* End XCBuildConfiguration section */

/* Begin XCConfigurationList section */
		C0195820214F84C80076729D /* Build configuration list for PBXProject "CXNavigation" */ = {
			isa = XCConfigurationList;
			buildConfigurations = (
				C0195839214F84C90076729D /* Debug */,
				C019583A214F84C90076729D /* Release */,
			);
			defaultConfigurationIsVisible = 0;
			defaultConfigurationName = Release;
		};
		C019583B214F84C90076729D /* Build configuration list for PBXNativeTarget "CXNavigation" */ = {
			isa = XCConfigurationList;
			buildConfigurations = (
				C019583C214F84C90076729D /* Debug */,
				C019583D214F84C90076729D /* Release */,
			);
			defaultConfigurationIsVisible = 0;
			defaultConfigurationName = Release;
		};
/* End XCConfigurationList section */
	};
	rootObject = C019581D214F84C80076729D /* Project object */;
}
